<?xml version="1.0" encoding="utf-8"?>
<Project ToolsVersion="4.0" xmlns="http://schemas.microsoft.com/developer/msbuild/2003">
  <ItemGroup>
    <Filter Include="Source Files">
      <UniqueIdentifier>{4FC737F1-C7A5-4376-A066-2A32D752A2FF}</UniqueIdentifier>
      <Extensions>cpp;cxx;c;def</Extensions>
    </Filter>
    <Filter Include="Form Files">
      <UniqueIdentifier>{99349809-55BA-4b9d-BF79-8FDBB0286EB3}</UniqueIdentifier>
      <Extensions>ui</Extensions>
    </Filter>
    <Filter Include="Resource Files">
      <UniqueIdentifier>{D9D6E242-F8AF-46E4-B9FD-80ECBC20BA3E}</UniqueIdentifier>
      <Extensions>qrc;*</Extensions>
      <ParseFiles>false</ParseFiles>
    </Filter>
    <Filter Include="Generated Files">
      <UniqueIdentifier>{71ED8ED8-ACB9-4CE9-BBE1-E00B30144E11}</UniqueIdentifier>
      <Extensions>moc;h;cpp</Extensions>
      <SourceControlFiles>False</SourceControlFiles>
    </Filter>
    <Filter Include="Generated Files\Debug">
      <UniqueIdentifier>{d5b8c722-83b4-430c-8421-4bd4943669a1}</UniqueIdentifier>
      <Extensions>cpp;moc</Extensions>
      <SourceControlFiles>False</SourceControlFiles>
    </Filter>
    <Filter Include="Generated Files\Release">
      <UniqueIdentifier>{82dcd0cd-3bc3-4773-8ccf-59644ea7c428}</UniqueIdentifier>
      <Extensions>cpp;moc</Extensions>
      <SourceControlFiles>False</SourceControlFiles>
    </Filter>
    <Filter Include="Header Files">
      <UniqueIdentifier>{93995380-89BD-4b04-88EB-625FBE52EBFB}</UniqueIdentifier>
      <Extensions>h</Extensions>
    </Filter>
    <Filter Include="Collision">
      <UniqueIdentifier>{16efa96a-d8f6-4d1d-8083-7da9888dc576}</UniqueIdentifier>
    </Filter>
  </ItemGroup>
  <ItemGroup>
    <ClCompile Include="main.cpp">
      <Filter>Source Files</Filter>
    </ClCompile>
    <ClCompile Include="cloth_vorticity.cpp">
      <Filter>Source Files</Filter>
    </ClCompile>
    <ClCompile Include="GeneratedFiles\Debug\moc_cloth_vorticity.cpp">
      <Filter>Generated Files\Debug</Filter>
    </ClCompile>
    <ClCompile Include="GeneratedFiles\Release\moc_cloth_vorticity.cpp">
      <Filter>Generated Files\Release</Filter>
    </ClCompile>
    <ClCompile Include="GeneratedFiles\qrc_cloth_vorticity.cpp">
      <Filter>Generated Files</Filter>
    </ClCompile>
    <ClCompile Include="glwidget.cpp">
      <Filter>Source Files</Filter>
    </ClCompile>
    <ClCompile Include="GeneratedFiles\Debug\moc_glwidget.cpp">
      <Filter>Generated Files\Debug</Filter>
    </ClCompile>
    <ClCompile Include="GeneratedFiles\Release\moc_glwidget.cpp">
      <Filter>Generated Files\Release</Filter>
    </ClCompile>
    <ClCompile Include="body_data.cpp">
      <Filter>Source Files</Filter>
    </ClCompile>
    <ClCompile Include="triangles.cpp">
      <Filter>Source Files</Filter>
    </ClCompile>
    <ClCompile Include="cloth_data.cpp">
      <Filter>Source Files</Filter>
    </ClCompile>
    <ClCompile Include="edge.cpp">
      <Filter>Source Files</Filter>
    </ClCompile>
    <ClCompile Include="triMesh.cpp">
      <Filter>Source Files</Filter>
    </ClCompile>
    <ClCompile Include="cloth_properties.cpp">
      <Filter>Source Files</Filter>
    </ClCompile>
    <ClCompile Include="mesh_material.cpp">
      <Filter>Source Files</Filter>
    </ClCompile>
    <ClCompile Include="fem_solver.cpp">
      <Filter>Source Files</Filter>
    </ClCompile>
    <ClCompile Include="Scene.cpp">
      <Filter>Source Files</Filter>
    </ClCompile>
    <ClCompile Include="RenderObject.cpp">
      <Filter>Source Files</Filter>
    </ClCompile>
    <ClCompile Include="CollisionEngine.cpp">
      <Filter>Source Files</Filter>
    </ClCompile>
    <ClCompile Include="SimulationEngine.cpp">
      <Filter>Source Files</Filter>
    </ClCompile>
    <ClCompile Include="OpenGLHelperFuncs.cpp">
      <Filter>Source Files</Filter>
    </ClCompile>
    <ClCompile Include="ImplicitFEMSolver.cpp">
      <Filter>Source Files</Filter>
    </ClCompile>
    <ClCompile Include="EigenHelpers.cpp">
      <Filter>Source Files</Filter>
    </ClCompile>
    <ClCompile Include="sparseMatrix.cpp">
      <Filter>Source Files</Filter>
    </ClCompile>
    <ClCompile Include="CGSolver.cpp">
      <Filter>Source Files</Filter>
    </ClCompile>
    <ClCompile Include="linearSolver.cpp">
      <Filter>Source Files</Filter>
    </ClCompile>
    <ClCompile Include="insertRows.cpp">
      <Filter>Source Files</Filter>
    </ClCompile>
    <ClCompile Include="ImplicitMassSpringSolver.cpp">
      <Filter>Source Files</Filter>
    </ClCompile>
    <ClCompile Include="PardisoSolver.cpp">
      <Filter>Source Files</Filter>
    </ClCompile>
    <ClCompile Include="ImplicitHyperElasticFEMSolver.cpp">
      <Filter>Source Files</Filter>
    </ClCompile>
    <ClCompile Include="InactiveSupportObjects.cpp">
      <Filter>Source Files</Filter>
    </ClCompile>
  </ItemGroup>
  <ItemGroup>
    <CustomBuild Include="cloth_vorticity.h">
      <Filter>Header Files</Filter>
    </CustomBuild>
    <CustomBuild Include="cloth_vorticity.ui">
      <Filter>Form Files</Filter>
    </CustomBuild>
    <CustomBuild Include="cloth_vorticity.qrc">
      <Filter>Resource Files</Filter>
    </CustomBuild>
    <CustomBuild Include="glwidget.h">
      <Filter>Header Files</Filter>
    </CustomBuild>
  </ItemGroup>
  <ItemGroup>
    <ClInclude Include="GeneratedFiles\ui_cloth_vorticity.h">
      <Filter>Generated Files</Filter>
    </ClInclude>
    <ClInclude Include="body_data.h">
      <Filter>Header Files</Filter>
    </ClInclude>
    <ClInclude Include="struct_decls.h">
      <Filter>Header Files</Filter>
    </ClInclude>
    <ClInclude Include="triangles.h">
      <Filter>Header Files</Filter>
    </ClInclude>
    <ClInclude Include="geom_funcs.h">
      <Filter>Header Files</Filter>
    </ClInclude>
    <ClInclude Include="constitutive_models.h">
      <Filter>Header Files</Filter>
    </ClInclude>
    <ClInclude Include="cloth_data.h">
      <Filter>Header Files</Filter>
    </ClInclude>
    <ClInclude Include="global_typedefs.h">
      <Filter>Header Files</Filter>
    </ClInclude>
    <ClInclude Include="math_func.h">
      <Filter>Header Files</Filter>
    </ClInclude>
    <ClInclude Include="debug_funcs.h">
      <Filter>Header Files</Filter>
    </ClInclude>
    <ClInclude Include="ui_custom_mods.h">
      <Filter>Generated Files</Filter>
    </ClInclude>
    <ClInclude Include="fem_solver.h">
      <Filter>Generated Files</Filter>
    </ClInclude>
    <ClInclude Include="dynamics_solver_interface.h">
      <Filter>Generated Files</Filter>
    </ClInclude>
    <ClInclude Include="triMesh.h">
      <Filter>Generated Files</Filter>
    </ClInclude>
    <ClInclude Include="edge.h">
      <Filter>Generated Files</Filter>
    </ClInclude>
    <ClInclude Include="cloth_properties.h">
      <Filter>Generated Files</Filter>
    </ClInclude>
    <ClInclude Include="CollisionEngine.h">
      <Filter>Generated Files</Filter>
    </ClInclude>
    <ClInclude Include="mesh_material.h">
      <Filter>Generated Files</Filter>
    </ClInclude>
    <ClInclude Include="RenderObject.h">
      <Filter>Generated Files</Filter>
    </ClInclude>
    <ClInclude Include="Scene.h">
      <Filter>Generated Files</Filter>
    </ClInclude>
    <ClInclude Include="grid.h">
      <Filter>Generated Files</Filter>
    </ClInclude>
    <ClInclude Include="SimulationEngine.h">
      <Filter>Generated Files</Filter>
    </ClInclude>
    <ClInclude Include="ImplicitFEMSolver.h">
      <Filter>Generated Files</Filter>
    </ClInclude>
    <ClInclude Include="sparseMatrix.h">
      <Filter>Generated Files</Filter>
    </ClInclude>
    <ClInclude Include="CGSolver.h">
      <Filter>Generated Files</Filter>
    </ClInclude>
    <ClInclude Include="linearSolver.h">
      <Filter>Generated Files</Filter>
    </ClInclude>
    <ClInclude Include="insertRows.h">
      <Filter>Generated Files</Filter>
    </ClInclude>
    <ClInclude Include="ImplicitMassSpringSolver.h">
      <Filter>Generated Files</Filter>
    </ClInclude>
    <ClInclude Include="PardisoSolver.h">
      <Filter>Generated Files</Filter>
    </ClInclude>
    <ClInclude Include="sparseSolverAvailability.h">
      <Filter>Generated Files</Filter>
    </ClInclude>
    <ClInclude Include="ImplicitHyperElasticFEMSolver.h">
      <Filter>Generated Files</Filter>
    </ClInclude>
    <ClInclude Include="InactiveSupportObjects.h">
      <Filter>Generated Files</Filter>
    </ClInclude>
    <ClInclude Include="BVH.h">
      <Filter>Collision</Filter>
    </ClInclude>
    <ClInclude Include="BVHPrimitve.h">
      <Filter>Collision</Filter>
    </ClInclude>
    <ClInclude Include="Vector3.h">
      <Filter>Collision</Filter>
    </ClInclude>
    <ClInclude Include="BBox.h">
      <Filter>Collision</Filter>
    </ClInclude>
    <ClInclude Include="DISTANCE.h">
      <Filter>Collision</Filter>
    </ClInclude>
    <ClInclude Include="MY_MATH.h">
      <Filter>Collision</Filter>
    </ClInclude>
    <ClInclude Include="Types.h">
      <Filter>Collision</Filter>
    </ClInclude>
    <ClInclude Include="TIMER.h">
      <Filter>Collision</Filter>
    </ClInclude>
  </ItemGroup>
  <ItemGroup>
    <Xml Include="cloth_physical_param.xml" />
    <Xml Include="body_material.xml" />
    <Xml Include="cloth_material.xml" />
  </ItemGroup>
</Project>